
Microsoft Visual Studio Solution File, Format Version 12.00
# Visual Studio 15
VisualStudioVersion = 15.0.28010.2019
MinimumVisualStudioVersion = 10.0.40219.1
Project("{FAE04EC0-301F-11D3-BF4B-00C04F79EFBC}") = "Test-1", "Test-1\Test-1.csproj", "{69485BF4-2B6F-42C1-B247-C0C34CEC5136}"
EndProject
Project("{2150E333-8FDC-42A3-9474-1A3956D46DE8}") = "Tests", "Tests", "{78C06D03-B6CC-44DB-8170-ED026E0502BB}"
EndProject
Project("{2150E333-8FDC-42A3-9474-1A3956D46DE8}") = "Lecture-9", "Lecture-9", "{0950721A-1245-4AEC-A48A-4EE5242D3408}"
EndProject
Project("{FAE04EC0-301F-11D3-BF4B-00C04F79EFBC}") = "task-2", "task-2\task-2.csproj", "{44E20B9B-7E12-4A58-856D-2ACAC80AA3DD}"
EndProject
Project("{FAE04EC0-301F-11D3-BF4B-00C04F79EFBC}") = "task-3", "task-3\task-3.csproj", "{A6C41AFC-FAE3-483D-AE68-7199944028E3}"
EndProject
Project("{FAE04EC0-301F-11D3-BF4B-00C04F79EFBC}") = "task-4", "task-4\task-4.csproj", "{CACEBFE9-1391-49B3-954F-D4C69E9B6D2F}"
EndProject
Project("{FAE04EC0-301F-11D3-BF4B-00C04F79EFBC}") = "task-5", "task-5\task-5.csproj", "{5879C184-7E8A-4CE2-B480-326C2892C096}"
EndProject
Project("{2150E333-8FDC-42A3-9474-1A3956D46DE8}") = "Lecture-16", "Lecture-16", "{80A01283-ED91-4FC1-A7D2-A68022D5E1D2}"
EndProject
Project("{FAE04EC0-301F-11D3-BF4B-00C04F79EFBC}") = "task-1", "task-1\task-1.csproj", "{A6F778AD-7939-44DD-82ED-B686DD98AC5A}"
EndProject
Project("{FAE04EC0-301F-11D3-BF4B-00C04F79EFBC}") = "2", "2\2.csproj", "{B629FE3F-F034-424F-980D-0AD7648EB644}"
EndProject
Global
	GlobalSection(SolutionConfigurationPlatforms) = preSolution
		Debug|Any CPU = Debug|Any CPU
		Release|Any CPU = Release|Any CPU
	EndGlobalSection
	GlobalSection(ProjectConfigurationPlatforms) = postSolution
		{69485BF4-2B6F-42C1-B247-C0C34CEC5136}.Debug|Any CPU.ActiveCfg = Debug|Any CPU
		{69485BF4-2B6F-42C1-B247-C0C34CEC5136}.Debug|Any CPU.Build.0 = Debug|Any CPU
		{69485BF4-2B6F-42C1-B247-C0C34CEC5136}.Release|Any CPU.ActiveCfg = Release|Any CPU
		{69485BF4-2B6F-42C1-B247-C0C34CEC5136}.Release|Any CPU.Build.0 = Release|Any CPU
		{44E20B9B-7E12-4A58-856D-2ACAC80AA3DD}.Debug|Any CPU.ActiveCfg = Debug|Any CPU
		{44E20B9B-7E12-4A58-856D-2ACAC80AA3DD}.Debug|Any CPU.Build.0 = Debug|Any CPU
		{44E20B9B-7E12-4A58-856D-2ACAC80AA3DD}.Release|Any CPU.ActiveCfg = Release|Any CPU
		{44E20B9B-7E12-4A58-856D-2ACAC80AA3DD}.Release|Any CPU.Build.0 = Release|Any CPU
		{A6C41AFC-FAE3-483D-AE68-7199944028E3}.Debug|Any CPU.ActiveCfg = Debug|Any CPU
		{A6C41AFC-FAE3-483D-AE68-7199944028E3}.Debug|Any CPU.Build.0 = Debug|Any CPU
		{A6C41AFC-FAE3-483D-AE68-7199944028E3}.Release|Any CPU.ActiveCfg = Release|Any CPU
		{A6C41AFC-FAE3-483D-AE68-7199944028E3}.Release|Any CPU.Build.0 = Release|Any CPU
		{CACEBFE9-1391-49B3-954F-D4C69E9B6D2F}.Debug|Any CPU.ActiveCfg = Debug|Any CPU
		{CACEBFE9-1391-49B3-954F-D4C69E9B6D2F}.Debug|Any CPU.Build.0 = Debug|Any CPU
		{CACEBFE9-1391-49B3-954F-D4C69E9B6D2F}.Release|Any CPU.ActiveCfg = Release|Any CPU
		{CACEBFE9-1391-49B3-954F-D4C69E9B6D2F}.Release|Any CPU.Build.0 = Release|Any CPU
		{5879C184-7E8A-4CE2-B480-326C2892C096}.Debug|Any CPU.ActiveCfg = Debug|Any CPU
		{5879C184-7E8A-4CE2-B480-326C2892C096}.Debug|Any CPU.Build.0 = Debug|Any CPU
		{5879C184-7E8A-4CE2-B480-326C2892C096}.Release|Any CPU.ActiveCfg = Release|Any CPU
		{5879C184-7E8A-4CE2-B480-326C2892C096}.Release|Any CPU.Build.0 = Release|Any CPU
		{A6F778AD-7939-44DD-82ED-B686DD98AC5A}.Debug|Any CPU.ActiveCfg = Debug|Any CPU
		{A6F778AD-7939-44DD-82ED-B686DD98AC5A}.Debug|Any CPU.Build.0 = Debug|Any CPU
		{A6F778AD-7939-44DD-82ED-B686DD98AC5A}.Release|Any CPU.ActiveCfg = Release|Any CPU
		{A6F778AD-7939-44DD-82ED-B686DD98AC5A}.Release|Any CPU.Build.0 = Release|Any CPU
		{B629FE3F-F034-424F-980D-0AD7648EB644}.Debug|Any CPU.ActiveCfg = Debug|Any CPU
		{B629FE3F-F034-424F-980D-0AD7648EB644}.Debug|Any CPU.Build.0 = Debug|Any CPU
		{B629FE3F-F034-424F-980D-0AD7648EB644}.Release|Any CPU.ActiveCfg = Release|Any CPU
		{B629FE3F-F034-424F-980D-0AD7648EB644}.Release|Any CPU.Build.0 = Release|Any CPU
	EndGlobalSection
	GlobalSection(SolutionProperties) = preSolution
		HideSolutionNode = FALSE
	EndGlobalSection
	GlobalSection(NestedProjects) = preSolution
		{69485BF4-2B6F-42C1-B247-C0C34CEC5136} = {78C06D03-B6CC-44DB-8170-ED026E0502BB}
		{44E20B9B-7E12-4A58-856D-2ACAC80AA3DD} = {0950721A-1245-4AEC-A48A-4EE5242D3408}
		{A6C41AFC-FAE3-483D-AE68-7199944028E3} = {0950721A-1245-4AEC-A48A-4EE5242D3408}
		{CACEBFE9-1391-49B3-954F-D4C69E9B6D2F} = {0950721A-1245-4AEC-A48A-4EE5242D3408}
		{5879C184-7E8A-4CE2-B480-326C2892C096} = {0950721A-1245-4AEC-A48A-4EE5242D3408}
		{A6F778AD-7939-44DD-82ED-B686DD98AC5A} = {80A01283-ED91-4FC1-A7D2-A68022D5E1D2}
		{B629FE3F-F034-424F-980D-0AD7648EB644} = {80A01283-ED91-4FC1-A7D2-A68022D5E1D2}
	EndGlobalSection
	GlobalSection(ExtensibilityGlobals) = postSolution
		SolutionGuid = {3EC7674D-F917-4433-8488-E30EA43205D5}
	EndGlobalSection
EndGlobal
