
Microsoft Visual Studio Solution File, Format Version 12.00
# Visual Studio 15
VisualStudioVersion = 15.0.28010.2019
MinimumVisualStudioVersion = 10.0.40219.1
Project("{2150E333-8FDC-42A3-9474-1A3956D46DE8}") = "Lectures", "Lectures", "{315ACC83-F559-45B6-A32A-AA1D54BC4CB3}"
EndProject
Project("{2150E333-8FDC-42A3-9474-1A3956D46DE8}") = "Tests", "Tests", "{C161AFCD-81D7-41DA-B064-6FB37AA5BAF4}"
EndProject
Project("{FAE04EC0-301F-11D3-BF4B-00C04F79EFBC}") = "lec9task1", "Lectures\lec9task1\lec9task1.csproj", "{EE95C421-B204-4173-8804-A8063F61858C}"
EndProject
Project("{FAE04EC0-301F-11D3-BF4B-00C04F79EFBC}") = "lec13task8", "Lectures\lec13task8\lec13task8.csproj", "{58E22357-3C83-4EA2-8B8E-25283ABC5E07}"
EndProject
Project("{FAE04EC0-301F-11D3-BF4B-00C04F79EFBC}") = "lec13task7", "Lectures\lec13task7\lec13task7.csproj", "{D1B01CB9-18F9-40D5-B77B-843E7DBB0778}"
EndProject
Project("{FAE04EC0-301F-11D3-BF4B-00C04F79EFBC}") = "lec9task2", "Lectures\lec9task2\lec9task2.csproj", "{44E20B9B-7E12-4A58-856D-2ACAC80AA3DD}"
EndProject
Project("{FAE04EC0-301F-11D3-BF4B-00C04F79EFBC}") = "lec9task3", "Lectures\lec9task3\lec9task3.csproj", "{A6C41AFC-FAE3-483D-AE68-7199944028E3}"
EndProject
Project("{FAE04EC0-301F-11D3-BF4B-00C04F79EFBC}") = "lec9task4", "Lectures\lec9task4\lec9task4.csproj", "{CACEBFE9-1391-49B3-954F-D4C69E9B6D2F}"
EndProject
Project("{FAE04EC0-301F-11D3-BF4B-00C04F79EFBC}") = "lec9task5", "Lectures\lec9task5\lec9task5.csproj", "{5879C184-7E8A-4CE2-B480-326C2892C096}"
EndProject
Project("{FAE04EC0-301F-11D3-BF4B-00C04F79EFBC}") = "lec16task1", "Lectures\lec16task1\lec16task1.csproj", "{A6F778AD-7939-44DD-82ED-B686DD98AC5A}"
EndProject
Project("{FAE04EC0-301F-11D3-BF4B-00C04F79EFBC}") = "lec16task2", "Lectures\lec16task2\lec16task2.csproj", "{B629FE3F-F034-424F-980D-0AD7648EB644}"
EndProject
Project("{FAE04EC0-301F-11D3-BF4B-00C04F79EFBC}") = "lec17task1", "Lectures\lec17task1\lec17task1.csproj", "{F62B5B36-3BCD-4FAA-A1A7-6E26137A785E}"
EndProject
Project("{FAE04EC0-301F-11D3-BF4B-00C04F79EFBC}") = "lec17task2", "Lectures\lec17task2\lec17task2.csproj", "{77F49313-E18C-472F-9B1E-676DFA08E9C6}"
EndProject
Project("{FAE04EC0-301F-11D3-BF4B-00C04F79EFBC}") = "lec17task3", "Lectures\lec17task3\lec17task3.csproj", "{BF4B587D-E845-45D5-87B2-8E81218BA8EC}"
EndProject
Project("{FAE04EC0-301F-11D3-BF4B-00C04F79EFBC}") = "lec17task4", "Lectures\lec17task4\lec17task4.csproj", "{BA63F009-D716-43BF-A28A-48CAEAB564D8}"
EndProject
Project("{FAE04EC0-301F-11D3-BF4B-00C04F79EFBC}") = "test-1", "Tests\test-1\test-1.csproj", "{69485BF4-2B6F-42C1-B247-C0C34CEC5136}"
EndProject
Project("{FAE04EC0-301F-11D3-BF4B-00C04F79EFBC}") = "test-2", "Tests\test-2\test-2.csproj", "{E1235D9A-2D2E-45C6-B17B-B6E95F1EC96D}"
EndProject
Project("{FAE04EC0-301F-11D3-BF4B-00C04F79EFBC}") = "lec17t5NoteStatistics", "NotesWithList\lec17t5NoteStatistics.csproj", "{5BB9E628-382F-4813-AB40-472CBE525758}"
EndProject
Project("{FAE04EC0-301F-11D3-BF4B-00C04F79EFBC}") = "lec17t5Winecraft", "lec17t5Winecraft\lec17t5Winecraft.csproj", "{EC9D240A-781E-4787-924D-8500EE3423E0}"
EndProject
Project("{FAE04EC0-301F-11D3-BF4B-00C04F79EFBC}") = "lec18t2", "Lectures\lec18t2\lec18t2.csproj", "{90522EEB-A163-43D5-B51B-A157260D406D}"
EndProject
Project("{FAE04EC0-301F-11D3-BF4B-00C04F79EFBC}") = "lec18t3", "lec18t3\lec18t3.csproj", "{24F7115F-4392-49D8-BDEB-FB4E7F6F902B}"
EndProject
Project("{FAE04EC0-301F-11D3-BF4B-00C04F79EFBC}") = "lec18t4", "lec18t4\lec18t4.csproj", "{0CAF3085-0EDA-4B56-AE33-7B6911E32785}"
EndProject
<<<<<<< HEAD
Project("{FAE04EC0-301F-11D3-BF4B-00C04F79EFBC}") = "testKeyValue", "testKeyValue\testKeyValue.csproj", "{2389A753-D61D-46D8-86DB-7422B8E08097}"
=======
Project("{FAE04EC0-301F-11D3-BF4B-00C04F79EFBC}") = "L22T1", "L22T1\L22T1.csproj", "{AD40AC15-E9A1-4831-A44A-1493CAB7D4C0}"
EndProject
Project("{FAE04EC0-301F-11D3-BF4B-00C04F79EFBC}") = "L22T2", "L22T2\L22T2.csproj", "{FDCE0801-DC7F-4BD3-A730-F4A745D7C84A}"
EndProject
Project("{FAE04EC0-301F-11D3-BF4B-00C04F79EFBC}") = "L22T3", "L22T3\L22T3.csproj", "{85DFAC49-D1D0-422D-95B0-99E259D0E4D2}"
>>>>>>> e710bc7a18a66c6c4a837442515dc9dbef6bf6ee
EndProject
Global
	GlobalSection(SolutionConfigurationPlatforms) = preSolution
		Debug|Any CPU = Debug|Any CPU
		Release|Any CPU = Release|Any CPU
	EndGlobalSection
	GlobalSection(ProjectConfigurationPlatforms) = postSolution
		{EE95C421-B204-4173-8804-A8063F61858C}.Debug|Any CPU.ActiveCfg = Debug|Any CPU
		{EE95C421-B204-4173-8804-A8063F61858C}.Debug|Any CPU.Build.0 = Debug|Any CPU
		{EE95C421-B204-4173-8804-A8063F61858C}.Release|Any CPU.ActiveCfg = Release|Any CPU
		{EE95C421-B204-4173-8804-A8063F61858C}.Release|Any CPU.Build.0 = Release|Any CPU
		{58E22357-3C83-4EA2-8B8E-25283ABC5E07}.Debug|Any CPU.ActiveCfg = Debug|Any CPU
		{58E22357-3C83-4EA2-8B8E-25283ABC5E07}.Debug|Any CPU.Build.0 = Debug|Any CPU
		{58E22357-3C83-4EA2-8B8E-25283ABC5E07}.Release|Any CPU.ActiveCfg = Release|Any CPU
		{58E22357-3C83-4EA2-8B8E-25283ABC5E07}.Release|Any CPU.Build.0 = Release|Any CPU
		{D1B01CB9-18F9-40D5-B77B-843E7DBB0778}.Debug|Any CPU.ActiveCfg = Debug|Any CPU
		{D1B01CB9-18F9-40D5-B77B-843E7DBB0778}.Debug|Any CPU.Build.0 = Debug|Any CPU
		{D1B01CB9-18F9-40D5-B77B-843E7DBB0778}.Release|Any CPU.ActiveCfg = Release|Any CPU
		{D1B01CB9-18F9-40D5-B77B-843E7DBB0778}.Release|Any CPU.Build.0 = Release|Any CPU
		{44E20B9B-7E12-4A58-856D-2ACAC80AA3DD}.Debug|Any CPU.ActiveCfg = Debug|Any CPU
		{44E20B9B-7E12-4A58-856D-2ACAC80AA3DD}.Debug|Any CPU.Build.0 = Debug|Any CPU
		{44E20B9B-7E12-4A58-856D-2ACAC80AA3DD}.Release|Any CPU.ActiveCfg = Release|Any CPU
		{44E20B9B-7E12-4A58-856D-2ACAC80AA3DD}.Release|Any CPU.Build.0 = Release|Any CPU
		{A6C41AFC-FAE3-483D-AE68-7199944028E3}.Debug|Any CPU.ActiveCfg = Debug|Any CPU
		{A6C41AFC-FAE3-483D-AE68-7199944028E3}.Debug|Any CPU.Build.0 = Debug|Any CPU
		{A6C41AFC-FAE3-483D-AE68-7199944028E3}.Release|Any CPU.ActiveCfg = Release|Any CPU
		{A6C41AFC-FAE3-483D-AE68-7199944028E3}.Release|Any CPU.Build.0 = Release|Any CPU
		{CACEBFE9-1391-49B3-954F-D4C69E9B6D2F}.Debug|Any CPU.ActiveCfg = Debug|Any CPU
		{CACEBFE9-1391-49B3-954F-D4C69E9B6D2F}.Debug|Any CPU.Build.0 = Debug|Any CPU
		{CACEBFE9-1391-49B3-954F-D4C69E9B6D2F}.Release|Any CPU.ActiveCfg = Release|Any CPU
		{CACEBFE9-1391-49B3-954F-D4C69E9B6D2F}.Release|Any CPU.Build.0 = Release|Any CPU
		{5879C184-7E8A-4CE2-B480-326C2892C096}.Debug|Any CPU.ActiveCfg = Debug|Any CPU
		{5879C184-7E8A-4CE2-B480-326C2892C096}.Debug|Any CPU.Build.0 = Debug|Any CPU
		{5879C184-7E8A-4CE2-B480-326C2892C096}.Release|Any CPU.ActiveCfg = Release|Any CPU
		{5879C184-7E8A-4CE2-B480-326C2892C096}.Release|Any CPU.Build.0 = Release|Any CPU
		{A6F778AD-7939-44DD-82ED-B686DD98AC5A}.Debug|Any CPU.ActiveCfg = Debug|Any CPU
		{A6F778AD-7939-44DD-82ED-B686DD98AC5A}.Debug|Any CPU.Build.0 = Debug|Any CPU
		{A6F778AD-7939-44DD-82ED-B686DD98AC5A}.Release|Any CPU.ActiveCfg = Release|Any CPU
		{A6F778AD-7939-44DD-82ED-B686DD98AC5A}.Release|Any CPU.Build.0 = Release|Any CPU
		{B629FE3F-F034-424F-980D-0AD7648EB644}.Debug|Any CPU.ActiveCfg = Debug|Any CPU
		{B629FE3F-F034-424F-980D-0AD7648EB644}.Debug|Any CPU.Build.0 = Debug|Any CPU
		{B629FE3F-F034-424F-980D-0AD7648EB644}.Release|Any CPU.ActiveCfg = Release|Any CPU
		{B629FE3F-F034-424F-980D-0AD7648EB644}.Release|Any CPU.Build.0 = Release|Any CPU
		{F62B5B36-3BCD-4FAA-A1A7-6E26137A785E}.Debug|Any CPU.ActiveCfg = Debug|Any CPU
		{F62B5B36-3BCD-4FAA-A1A7-6E26137A785E}.Debug|Any CPU.Build.0 = Debug|Any CPU
		{F62B5B36-3BCD-4FAA-A1A7-6E26137A785E}.Release|Any CPU.ActiveCfg = Release|Any CPU
		{F62B5B36-3BCD-4FAA-A1A7-6E26137A785E}.Release|Any CPU.Build.0 = Release|Any CPU
		{77F49313-E18C-472F-9B1E-676DFA08E9C6}.Debug|Any CPU.ActiveCfg = Debug|Any CPU
		{77F49313-E18C-472F-9B1E-676DFA08E9C6}.Debug|Any CPU.Build.0 = Debug|Any CPU
		{77F49313-E18C-472F-9B1E-676DFA08E9C6}.Release|Any CPU.ActiveCfg = Release|Any CPU
		{77F49313-E18C-472F-9B1E-676DFA08E9C6}.Release|Any CPU.Build.0 = Release|Any CPU
		{BF4B587D-E845-45D5-87B2-8E81218BA8EC}.Debug|Any CPU.ActiveCfg = Debug|Any CPU
		{BF4B587D-E845-45D5-87B2-8E81218BA8EC}.Debug|Any CPU.Build.0 = Debug|Any CPU
		{BF4B587D-E845-45D5-87B2-8E81218BA8EC}.Release|Any CPU.ActiveCfg = Release|Any CPU
		{BF4B587D-E845-45D5-87B2-8E81218BA8EC}.Release|Any CPU.Build.0 = Release|Any CPU
		{BA63F009-D716-43BF-A28A-48CAEAB564D8}.Debug|Any CPU.ActiveCfg = Debug|Any CPU
		{BA63F009-D716-43BF-A28A-48CAEAB564D8}.Debug|Any CPU.Build.0 = Debug|Any CPU
		{BA63F009-D716-43BF-A28A-48CAEAB564D8}.Release|Any CPU.ActiveCfg = Release|Any CPU
		{BA63F009-D716-43BF-A28A-48CAEAB564D8}.Release|Any CPU.Build.0 = Release|Any CPU
		{69485BF4-2B6F-42C1-B247-C0C34CEC5136}.Debug|Any CPU.ActiveCfg = Debug|Any CPU
		{69485BF4-2B6F-42C1-B247-C0C34CEC5136}.Debug|Any CPU.Build.0 = Debug|Any CPU
		{69485BF4-2B6F-42C1-B247-C0C34CEC5136}.Release|Any CPU.ActiveCfg = Release|Any CPU
		{69485BF4-2B6F-42C1-B247-C0C34CEC5136}.Release|Any CPU.Build.0 = Release|Any CPU
		{E1235D9A-2D2E-45C6-B17B-B6E95F1EC96D}.Debug|Any CPU.ActiveCfg = Debug|Any CPU
		{E1235D9A-2D2E-45C6-B17B-B6E95F1EC96D}.Debug|Any CPU.Build.0 = Debug|Any CPU
		{E1235D9A-2D2E-45C6-B17B-B6E95F1EC96D}.Release|Any CPU.ActiveCfg = Release|Any CPU
		{E1235D9A-2D2E-45C6-B17B-B6E95F1EC96D}.Release|Any CPU.Build.0 = Release|Any CPU
		{5BB9E628-382F-4813-AB40-472CBE525758}.Debug|Any CPU.ActiveCfg = Debug|Any CPU
		{5BB9E628-382F-4813-AB40-472CBE525758}.Debug|Any CPU.Build.0 = Debug|Any CPU
		{5BB9E628-382F-4813-AB40-472CBE525758}.Release|Any CPU.ActiveCfg = Release|Any CPU
		{5BB9E628-382F-4813-AB40-472CBE525758}.Release|Any CPU.Build.0 = Release|Any CPU
		{EC9D240A-781E-4787-924D-8500EE3423E0}.Debug|Any CPU.ActiveCfg = Debug|Any CPU
		{EC9D240A-781E-4787-924D-8500EE3423E0}.Debug|Any CPU.Build.0 = Debug|Any CPU
		{EC9D240A-781E-4787-924D-8500EE3423E0}.Release|Any CPU.ActiveCfg = Release|Any CPU
		{EC9D240A-781E-4787-924D-8500EE3423E0}.Release|Any CPU.Build.0 = Release|Any CPU
		{90522EEB-A163-43D5-B51B-A157260D406D}.Debug|Any CPU.ActiveCfg = Debug|Any CPU
		{90522EEB-A163-43D5-B51B-A157260D406D}.Debug|Any CPU.Build.0 = Debug|Any CPU
		{90522EEB-A163-43D5-B51B-A157260D406D}.Release|Any CPU.ActiveCfg = Release|Any CPU
		{90522EEB-A163-43D5-B51B-A157260D406D}.Release|Any CPU.Build.0 = Release|Any CPU
		{24F7115F-4392-49D8-BDEB-FB4E7F6F902B}.Debug|Any CPU.ActiveCfg = Debug|Any CPU
		{24F7115F-4392-49D8-BDEB-FB4E7F6F902B}.Debug|Any CPU.Build.0 = Debug|Any CPU
		{24F7115F-4392-49D8-BDEB-FB4E7F6F902B}.Release|Any CPU.ActiveCfg = Release|Any CPU
		{24F7115F-4392-49D8-BDEB-FB4E7F6F902B}.Release|Any CPU.Build.0 = Release|Any CPU
		{0CAF3085-0EDA-4B56-AE33-7B6911E32785}.Debug|Any CPU.ActiveCfg = Debug|Any CPU
		{0CAF3085-0EDA-4B56-AE33-7B6911E32785}.Debug|Any CPU.Build.0 = Debug|Any CPU
		{0CAF3085-0EDA-4B56-AE33-7B6911E32785}.Release|Any CPU.ActiveCfg = Release|Any CPU
		{0CAF3085-0EDA-4B56-AE33-7B6911E32785}.Release|Any CPU.Build.0 = Release|Any CPU
<<<<<<< HEAD
		{2389A753-D61D-46D8-86DB-7422B8E08097}.Debug|Any CPU.ActiveCfg = Debug|Any CPU
		{2389A753-D61D-46D8-86DB-7422B8E08097}.Debug|Any CPU.Build.0 = Debug|Any CPU
		{2389A753-D61D-46D8-86DB-7422B8E08097}.Release|Any CPU.ActiveCfg = Release|Any CPU
		{2389A753-D61D-46D8-86DB-7422B8E08097}.Release|Any CPU.Build.0 = Release|Any CPU
=======
		{AD40AC15-E9A1-4831-A44A-1493CAB7D4C0}.Debug|Any CPU.ActiveCfg = Debug|Any CPU
		{AD40AC15-E9A1-4831-A44A-1493CAB7D4C0}.Debug|Any CPU.Build.0 = Debug|Any CPU
		{AD40AC15-E9A1-4831-A44A-1493CAB7D4C0}.Release|Any CPU.ActiveCfg = Release|Any CPU
		{AD40AC15-E9A1-4831-A44A-1493CAB7D4C0}.Release|Any CPU.Build.0 = Release|Any CPU
		{FDCE0801-DC7F-4BD3-A730-F4A745D7C84A}.Debug|Any CPU.ActiveCfg = Debug|Any CPU
		{FDCE0801-DC7F-4BD3-A730-F4A745D7C84A}.Debug|Any CPU.Build.0 = Debug|Any CPU
		{FDCE0801-DC7F-4BD3-A730-F4A745D7C84A}.Release|Any CPU.ActiveCfg = Release|Any CPU
		{FDCE0801-DC7F-4BD3-A730-F4A745D7C84A}.Release|Any CPU.Build.0 = Release|Any CPU
		{85DFAC49-D1D0-422D-95B0-99E259D0E4D2}.Debug|Any CPU.ActiveCfg = Debug|Any CPU
		{85DFAC49-D1D0-422D-95B0-99E259D0E4D2}.Debug|Any CPU.Build.0 = Debug|Any CPU
		{85DFAC49-D1D0-422D-95B0-99E259D0E4D2}.Release|Any CPU.ActiveCfg = Release|Any CPU
		{85DFAC49-D1D0-422D-95B0-99E259D0E4D2}.Release|Any CPU.Build.0 = Release|Any CPU
>>>>>>> e710bc7a18a66c6c4a837442515dc9dbef6bf6ee
	EndGlobalSection
	GlobalSection(SolutionProperties) = preSolution
		HideSolutionNode = FALSE
	EndGlobalSection
	GlobalSection(NestedProjects) = preSolution
		{EE95C421-B204-4173-8804-A8063F61858C} = {315ACC83-F559-45B6-A32A-AA1D54BC4CB3}
		{58E22357-3C83-4EA2-8B8E-25283ABC5E07} = {315ACC83-F559-45B6-A32A-AA1D54BC4CB3}
		{D1B01CB9-18F9-40D5-B77B-843E7DBB0778} = {315ACC83-F559-45B6-A32A-AA1D54BC4CB3}
		{44E20B9B-7E12-4A58-856D-2ACAC80AA3DD} = {315ACC83-F559-45B6-A32A-AA1D54BC4CB3}
		{A6C41AFC-FAE3-483D-AE68-7199944028E3} = {315ACC83-F559-45B6-A32A-AA1D54BC4CB3}
		{CACEBFE9-1391-49B3-954F-D4C69E9B6D2F} = {315ACC83-F559-45B6-A32A-AA1D54BC4CB3}
		{5879C184-7E8A-4CE2-B480-326C2892C096} = {315ACC83-F559-45B6-A32A-AA1D54BC4CB3}
		{A6F778AD-7939-44DD-82ED-B686DD98AC5A} = {315ACC83-F559-45B6-A32A-AA1D54BC4CB3}
		{B629FE3F-F034-424F-980D-0AD7648EB644} = {315ACC83-F559-45B6-A32A-AA1D54BC4CB3}
		{F62B5B36-3BCD-4FAA-A1A7-6E26137A785E} = {315ACC83-F559-45B6-A32A-AA1D54BC4CB3}
		{77F49313-E18C-472F-9B1E-676DFA08E9C6} = {315ACC83-F559-45B6-A32A-AA1D54BC4CB3}
		{BF4B587D-E845-45D5-87B2-8E81218BA8EC} = {315ACC83-F559-45B6-A32A-AA1D54BC4CB3}
		{BA63F009-D716-43BF-A28A-48CAEAB564D8} = {315ACC83-F559-45B6-A32A-AA1D54BC4CB3}
		{69485BF4-2B6F-42C1-B247-C0C34CEC5136} = {C161AFCD-81D7-41DA-B064-6FB37AA5BAF4}
		{E1235D9A-2D2E-45C6-B17B-B6E95F1EC96D} = {C161AFCD-81D7-41DA-B064-6FB37AA5BAF4}
		{5BB9E628-382F-4813-AB40-472CBE525758} = {315ACC83-F559-45B6-A32A-AA1D54BC4CB3}
		{EC9D240A-781E-4787-924D-8500EE3423E0} = {315ACC83-F559-45B6-A32A-AA1D54BC4CB3}
		{90522EEB-A163-43D5-B51B-A157260D406D} = {315ACC83-F559-45B6-A32A-AA1D54BC4CB3}
		{24F7115F-4392-49D8-BDEB-FB4E7F6F902B} = {315ACC83-F559-45B6-A32A-AA1D54BC4CB3}
		{0CAF3085-0EDA-4B56-AE33-7B6911E32785} = {315ACC83-F559-45B6-A32A-AA1D54BC4CB3}
<<<<<<< HEAD
		{2389A753-D61D-46D8-86DB-7422B8E08097} = {C161AFCD-81D7-41DA-B064-6FB37AA5BAF4}
=======
		{AD40AC15-E9A1-4831-A44A-1493CAB7D4C0} = {315ACC83-F559-45B6-A32A-AA1D54BC4CB3}
		{FDCE0801-DC7F-4BD3-A730-F4A745D7C84A} = {315ACC83-F559-45B6-A32A-AA1D54BC4CB3}
		{85DFAC49-D1D0-422D-95B0-99E259D0E4D2} = {315ACC83-F559-45B6-A32A-AA1D54BC4CB3}
>>>>>>> e710bc7a18a66c6c4a837442515dc9dbef6bf6ee
	EndGlobalSection
	GlobalSection(ExtensibilityGlobals) = postSolution
		SolutionGuid = {3EC7674D-F917-4433-8488-E30EA43205D5}
	EndGlobalSection
EndGlobal
